
Microsoft Visual Studio Solution File, Format Version 12.00
# Visual Studio Version 16
VisualStudioVersion = 16.0.31410.357
MinimumVisualStudioVersion = 10.0.40219.1
Project("{FAE04EC0-301F-11D3-BF4B-00C04F79EFBC}") = "Password Generator", "Password Generator\Password Generator.csproj", "{38CC8E22-A95E-4690-AAD6-FCE1B2852312}"
EndProject
Global
	GlobalSection(SolutionConfigurationPlatforms) = preSolution
		Debug|Any CPU = Debug|Any CPU
		Release|Any CPU = Release|Any CPU
	EndGlobalSection
	GlobalSection(ProjectConfigurationPlatforms) = postSolution
		{38CC8E22-A95E-4690-AAD6-FCE1B2852312}.Debug|Any CPU.ActiveCfg = Debug|Any CPU
		{38CC8E22-A95E-4690-AAD6-FCE1B2852312}.Debug|Any CPU.Build.0 = Debug|Any CPU
		{38CC8E22-A95E-4690-AAD6-FCE1B2852312}.Release|Any CPU.ActiveCfg = Release|Any CPU
		{38CC8E22-A95E-4690-AAD6-FCE1B2852312}.Release|Any CPU.Build.0 = Release|Any CPU
	EndGlobalSection
	GlobalSection(SolutionProperties) = preSolution
		HideSolutionNode = FALSE
	EndGlobalSection
	GlobalSection(ExtensibilityGlobals) = postSolution
		SolutionGuid = {31404AB7-7C51-4776-A97A-1AAA967378A7}
	EndGlobalSection
EndGlobal
